
Microsoft Visual Studio Solution File, Format Version 12.00
# Visual Studio Version 16
VisualStudioVersion = 16.0.29009.5
MinimumVisualStudioVersion = 10.0.40219.1
Project("{9A19103F-16F7-4668-BE54-9A1E7A4F7556}") = "AspNetCoreConsultorio", "AspNetCoreConsultorio.csproj", "{BB1FA4E3-9A22-4BAC-B196-0F09E4BC6A62}"
EndProject
Global
	GlobalSection(SolutionConfigurationPlatforms) = preSolution
		Debug|Any CPU = Debug|Any CPU
		Release|Any CPU = Release|Any CPU
	EndGlobalSection
	GlobalSection(ProjectConfigurationPlatforms) = postSolution
		{BB1FA4E3-9A22-4BAC-B196-0F09E4BC6A62}.Debug|Any CPU.ActiveCfg = Debug|Any CPU
		{BB1FA4E3-9A22-4BAC-B196-0F09E4BC6A62}.Debug|Any CPU.Build.0 = Debug|Any CPU
		{BB1FA4E3-9A22-4BAC-B196-0F09E4BC6A62}.Release|Any CPU.ActiveCfg = Release|Any CPU
		{BB1FA4E3-9A22-4BAC-B196-0F09E4BC6A62}.Release|Any CPU.Build.0 = Release|Any CPU
	EndGlobalSection
	GlobalSection(SolutionProperties) = preSolution
		HideSolutionNode = FALSE
	EndGlobalSection
	GlobalSection(ExtensibilityGlobals) = postSolution
		SolutionGuid = {E4D4BC05-7D16-4811-987B-1F425A46E111}
	EndGlobalSection
EndGlobal
